// !$*UTF8*$!
{
	archiveVersion = 1;
	classes = {
	};
	objectVersion = 48;
	objects = {

/* Begin PBXBuildFile section */
		11030FCA20318D7100035794 /* AppDelegate.m in Sources */ = {isa = PBXBuildFile; fileRef = 11030FC920318D7100035794 /* AppDelegate.m */; };
		11030FCD20318D7100035794 /* ViewController.m in Sources */ = {isa = PBXBuildFile; fileRef = 11030FCC20318D7100035794 /* ViewController.m */; };
		11030FD020318D7100035794 /* Main.storyboard in Resources */ = {isa = PBXBuildFile; fileRef = 11030FCE20318D7100035794 /* Main.storyboard */; };
		11030FD520318D7100035794 /* Assets.xcassets in Resources */ = {isa = PBXBuildFile; fileRef = 11030FD420318D7100035794 /* Assets.xcassets */; };
		11030FD820318D7100035794 /* LaunchScreen.storyboard in Resources */ = {isa = PBXBuildFile; fileRef = 11030FD620318D7100035794 /* LaunchScreen.storyboard */; };
		11030FDB20318D7100035794 /* main.m in Sources */ = {isa = PBXBuildFile; fileRef = 11030FDA20318D7100035794 /* main.m */; };
		110310192032DFA900035794 /* kidoz_left_side_logo_small.png in Resources */ = {isa = PBXBuildFile; fileRef = 110310182032DFA800035794 /* kidoz_left_side_logo_small.png */; };
		1167AD5320B2AA1B00E626E2 /* KidozSDKSampleApp.xcdatamodeld in Sources */ = {isa = PBXBuildFile; fileRef = 11030FD120318D7100035794 /* KidozSDKSampleApp.xcdatamodeld */; };
		11712A3020D8F8830020AA79 /* WarmTutorialExplainer.mp3 in Resources */ = {isa = PBXBuildFile; fileRef = 11712A2F20D8F8830020AA79 /* WarmTutorialExplainer.mp3 */; };
		119FB1232365F8FC005084B8 /* KidozSDKSampleApp.xcdatamodeld in Sources */ = {isa = PBXBuildFile; fileRef = 11030FD120318D7100035794 /* KidozSDKSampleApp.xcdatamodeld */; };
		119FB1242365F8FC005084B8 /* ViewController.m in Sources */ = {isa = PBXBuildFile; fileRef = 11030FCC20318D7100035794 /* ViewController.m */; };
		119FB1252365F8FC005084B8 /* main.m in Sources */ = {isa = PBXBuildFile; fileRef = 11030FDA20318D7100035794 /* main.m */; };
		119FB1262365F8FC005084B8 /* AppDelegate.m in Sources */ = {isa = PBXBuildFile; fileRef = 11030FC920318D7100035794 /* AppDelegate.m */; };
		119FB12A2365F8FC005084B8 /* kidoz_left_side_logo_small.png in Resources */ = {isa = PBXBuildFile; fileRef = 110310182032DFA800035794 /* kidoz_left_side_logo_small.png */; };
		119FB12B2365F8FC005084B8 /* WarmTutorialExplainer.mp3 in Resources */ = {isa = PBXBuildFile; fileRef = 11712A2F20D8F8830020AA79 /* WarmTutorialExplainer.mp3 */; };
		119FB12C2365F8FC005084B8 /* LaunchScreen.storyboard in Resources */ = {isa = PBXBuildFile; fileRef = 11030FD620318D7100035794 /* LaunchScreen.storyboard */; };
		119FB12D2365F8FC005084B8 /* Assets.xcassets in Resources */ = {isa = PBXBuildFile; fileRef = 11030FD420318D7100035794 /* Assets.xcassets */; };
		119FB12E2365F8FC005084B8 /* Main.storyboard in Resources */ = {isa = PBXBuildFile; fileRef = 11030FCE20318D7100035794 /* Main.storyboard */; };
		119FB1352365F944005084B8 /* KidozSDKSampleApp.xcdatamodeld in Sources */ = {isa = PBXBuildFile; fileRef = 11030FD120318D7100035794 /* KidozSDKSampleApp.xcdatamodeld */; };
		119FB1362365F944005084B8 /* ViewController.m in Sources */ = {isa = PBXBuildFile; fileRef = 11030FCC20318D7100035794 /* ViewController.m */; };
		119FB1372365F944005084B8 /* main.m in Sources */ = {isa = PBXBuildFile; fileRef = 11030FDA20318D7100035794 /* main.m */; };
		119FB1382365F944005084B8 /* AppDelegate.m in Sources */ = {isa = PBXBuildFile; fileRef = 11030FC920318D7100035794 /* AppDelegate.m */; };
		119FB13C2365F944005084B8 /* kidoz_left_side_logo_small.png in Resources */ = {isa = PBXBuildFile; fileRef = 110310182032DFA800035794 /* kidoz_left_side_logo_small.png */; };
		119FB13D2365F944005084B8 /* WarmTutorialExplainer.mp3 in Resources */ = {isa = PBXBuildFile; fileRef = 11712A2F20D8F8830020AA79 /* WarmTutorialExplainer.mp3 */; };
		119FB13E2365F944005084B8 /* LaunchScreen.storyboard in Resources */ = {isa = PBXBuildFile; fileRef = 11030FD620318D7100035794 /* LaunchScreen.storyboard */; };
		119FB13F2365F944005084B8 /* Assets.xcassets in Resources */ = {isa = PBXBuildFile; fileRef = 11030FD420318D7100035794 /* Assets.xcassets */; };
		119FB1402365F944005084B8 /* Main.storyboard in Resources */ = {isa = PBXBuildFile; fileRef = 11030FCE20318D7100035794 /* Main.storyboard */; };
		11C58478259297790005EDA8 /* libKidozSDK.a in Frameworks */ = {isa = PBXBuildFile; fileRef = 11C58477259297790005EDA8 /* libKidozSDK.a */; };
/* End PBXBuildFile section */

/* Begin PBXFileReference section */
		11030FC520318D7100035794 /* KidozSDKSampleApp.app */ = {isa = PBXFileReference; explicitFileType = wrapper.application; includeInIndex = 0; path = KidozSDKSampleApp.app; sourceTree = BUILT_PRODUCTS_DIR; };
		11030FC820318D7100035794 /* AppDelegate.h */ = {isa = PBXFileReference; lastKnownFileType = sourcecode.c.h; path = AppDelegate.h; sourceTree = "<group>"; };
		11030FC920318D7100035794 /* AppDelegate.m */ = {isa = PBXFileReference; lastKnownFileType = sourcecode.c.objc; path = AppDelegate.m; sourceTree = "<group>"; };
		11030FCB20318D7100035794 /* ViewController.h */ = {isa = PBXFileReference; lastKnownFileType = sourcecode.c.h; path = ViewController.h; sourceTree = "<group>"; };
		11030FCC20318D7100035794 /* ViewController.m */ = {isa = PBXFileReference; lastKnownFileType = sourcecode.c.objc; path = ViewController.m; sourceTree = "<group>"; };
		11030FCF20318D7100035794 /* Base */ = {isa = PBXFileReference; lastKnownFileType = file.storyboard; name = Base; path = Base.lproj/Main.storyboard; sourceTree = "<group>"; };
		11030FD220318D7100035794 /* Kidoz_iOS_SDK_Sample_App.xcdatamodel */ = {isa = PBXFileReference; lastKnownFileType = wrapper.xcdatamodel; path = Kidoz_iOS_SDK_Sample_App.xcdatamodel; sourceTree = "<group>"; };
		11030FD420318D7100035794 /* Assets.xcassets */ = {isa = PBXFileReference; lastKnownFileType = folder.assetcatalog; path = Assets.xcassets; sourceTree = "<group>"; };
		11030FD720318D7100035794 /* Base */ = {isa = PBXFileReference; lastKnownFileType = file.storyboard; name = Base; path = Base.lproj/LaunchScreen.storyboard; sourceTree = "<group>"; };
		11030FD920318D7100035794 /* Info.plist */ = {isa = PBXFileReference; lastKnownFileType = text.plist.xml; path = Info.plist; sourceTree = "<group>"; };
		11030FDA20318D7100035794 /* main.m */ = {isa = PBXFileReference; lastKnownFileType = sourcecode.c.objc; path = main.m; sourceTree = "<group>"; };
		110310182032DFA800035794 /* kidoz_left_side_logo_small.png */ = {isa = PBXFileReference; lastKnownFileType = image.png; path = kidoz_left_side_logo_small.png; sourceTree = "<group>"; };
		11712A2F20D8F8830020AA79 /* WarmTutorialExplainer.mp3 */ = {isa = PBXFileReference; lastKnownFileType = audio.mp3; path = WarmTutorialExplainer.mp3; sourceTree = "<group>"; };
		118501972062AC0700507FB5 /* AudioToolbox.framework */ = {isa = PBXFileReference; lastKnownFileType = wrapper.framework; name = AudioToolbox.framework; path = System/Library/Frameworks/AudioToolbox.framework; sourceTree = SDKROOT; };
		118501992062AC0F00507FB5 /* AVFoundation.framework */ = {isa = PBXFileReference; lastKnownFileType = wrapper.framework; name = AVFoundation.framework; path = System/Library/Frameworks/AVFoundation.framework; sourceTree = SDKROOT; };
		119FB1322365F8FC005084B8 /* KidozSDKSampleApp yvr1.app */ = {isa = PBXFileReference; explicitFileType = wrapper.application; includeInIndex = 0; path = "KidozSDKSampleApp yvr1.app"; sourceTree = BUILT_PRODUCTS_DIR; };
		119FB1442365F944005084B8 /* KidozSDKSampleApp yvr2.app */ = {isa = PBXFileReference; explicitFileType = wrapper.application; includeInIndex = 0; path = "KidozSDKSampleApp yvr2.app"; sourceTree = BUILT_PRODUCTS_DIR; };
		11B73DFD2545ED0900D8BB97 /* KidozSDK.h */ = {isa = PBXFileReference; lastKnownFileType = sourcecode.c.h; name = KidozSDK.h; path = ../../../../Kidoz_iOS_SDK_Workspace/KidozSDK/KidozSDK/KidozSDK.h; sourceTree = "<group>"; };
		11C58477259297790005EDA8 /* libKidozSDK.a */ = {isa = PBXFileReference; lastKnownFileType = archive.ar; path = libKidozSDK.a; sourceTree = "<group>"; };
/* End PBXFileReference section */

/* Begin PBXFrameworksBuildPhase section */
		11030FC220318D7100035794 /* Frameworks */ = {
			isa = PBXFrameworksBuildPhase;
			buildActionMask = 2147483647;
			files = (
				11C58478259297790005EDA8 /* libKidozSDK.a in Frameworks */,
			);
			runOnlyForDeploymentPostprocessing = 0;
		};
		119FB1272365F8FC005084B8 /* Frameworks */ = {
			isa = PBXFrameworksBuildPhase;
			buildActionMask = 2147483647;
			files = (
			);
			runOnlyForDeploymentPostprocessing = 0;
		};
		119FB1392365F944005084B8 /* Frameworks */ = {
			isa = PBXFrameworksBuildPhase;
			buildActionMask = 2147483647;
			files = (
			);
			runOnlyForDeploymentPostprocessing = 0;
		};
/* End PBXFrameworksBuildPhase section */

/* Begin PBXGroup section */
		11030FBC20318D7100035794 = {
			isa = PBXGroup;
			children = (
				11030FC720318D7100035794 /* KidozSDKSampleApp */,
				11030FC620318D7100035794 /* Products */,
				110310012031907800035794 /* Frameworks */,
			);
			sourceTree = "<group>";
		};
		11030FC620318D7100035794 /* Products */ = {
			isa = PBXGroup;
			children = (
				11030FC520318D7100035794 /* KidozSDKSampleApp.app */,
				119FB1322365F8FC005084B8 /* KidozSDKSampleApp yvr1.app */,
				119FB1442365F944005084B8 /* KidozSDKSampleApp yvr2.app */,
			);
			name = Products;
			sourceTree = "<group>";
		};
		11030FC720318D7100035794 /* KidozSDKSampleApp */ = {
			isa = PBXGroup;
			children = (
				11030FFD20318D9F00035794 /* Kidoz */,
				11030FC820318D7100035794 /* AppDelegate.h */,
				11030FC920318D7100035794 /* AppDelegate.m */,
				11030FCB20318D7100035794 /* ViewController.h */,
				11030FCC20318D7100035794 /* ViewController.m */,
				11030FCE20318D7100035794 /* Main.storyboard */,
				110310182032DFA800035794 /* kidoz_left_side_logo_small.png */,
				11030FD420318D7100035794 /* Assets.xcassets */,
				11030FD620318D7100035794 /* LaunchScreen.storyboard */,
				11030FD920318D7100035794 /* Info.plist */,
				11030FDA20318D7100035794 /* main.m */,
				11030FD120318D7100035794 /* KidozSDKSampleApp.xcdatamodeld */,
				11712A2F20D8F8830020AA79 /* WarmTutorialExplainer.mp3 */,
			);
			path = KidozSDKSampleApp;
			sourceTree = "<group>";
		};
		11030FFD20318D9F00035794 /* Kidoz */ = {
			isa = PBXGroup;
			children = (
				11C58477259297790005EDA8 /* libKidozSDK.a */,
				11B73DFD2545ED0900D8BB97 /* KidozSDK.h */,
			);
			path = Kidoz;
			sourceTree = "<group>";
		};
		110310012031907800035794 /* Frameworks */ = {
			isa = PBXGroup;
			children = (
				118501992062AC0F00507FB5 /* AVFoundation.framework */,
				118501972062AC0700507FB5 /* AudioToolbox.framework */,
			);
			name = Frameworks;
			sourceTree = "<group>";
		};
/* End PBXGroup section */

/* Begin PBXNativeTarget section */
		11030FC420318D7100035794 /* KidozSDKSampleApp */ = {
			isa = PBXNativeTarget;
			buildConfigurationList = 11030FF420318D7100035794 /* Build configuration list for PBXNativeTarget "KidozSDKSampleApp" */;
			buildPhases = (
				11030FC120318D7100035794 /* Sources */,
				11030FC220318D7100035794 /* Frameworks */,
				11030FC320318D7100035794 /* Resources */,
			);
			buildRules = (
			);
			dependencies = (
			);
			name = KidozSDKSampleApp;
			productName = Kidoz_iOS_SDK_Sample_App;
			productReference = 11030FC520318D7100035794 /* KidozSDKSampleApp.app */;
			productType = "com.apple.product-type.application";
		};
		119FB1212365F8FC005084B8 /* KidozSDKSampleApp yvr1 */ = {
			isa = PBXNativeTarget;
			buildConfigurationList = 119FB12F2365F8FC005084B8 /* Build configuration list for PBXNativeTarget "KidozSDKSampleApp yvr1" */;
			buildPhases = (
				119FB1222365F8FC005084B8 /* Sources */,
				119FB1272365F8FC005084B8 /* Frameworks */,
				119FB1292365F8FC005084B8 /* Resources */,
			);
			buildRules = (
			);
			dependencies = (
			);
			name = "KidozSDKSampleApp yvr1";
			productName = Kidoz_iOS_SDK_Sample_App;
			productReference = 119FB1322365F8FC005084B8 /* KidozSDKSampleApp yvr1.app */;
			productType = "com.apple.product-type.application";
		};
		119FB1332365F944005084B8 /* KidozSDKSampleApp yvr2 */ = {
			isa = PBXNativeTarget;
			buildConfigurationList = 119FB1412365F944005084B8 /* Build configuration list for PBXNativeTarget "KidozSDKSampleApp yvr2" */;
			buildPhases = (
				119FB1342365F944005084B8 /* Sources */,
				119FB1392365F944005084B8 /* Frameworks */,
				119FB13B2365F944005084B8 /* Resources */,
			);
			buildRules = (
			);
			dependencies = (
			);
			name = "KidozSDKSampleApp yvr2";
			productName = Kidoz_iOS_SDK_Sample_App;
			productReference = 119FB1442365F944005084B8 /* KidozSDKSampleApp yvr2.app */;
			productType = "com.apple.product-type.application";
		};
/* End PBXNativeTarget section */

/* Begin PBXProject section */
		11030FBD20318D7100035794 /* Project object */ = {
			isa = PBXProject;
			attributes = {
				LastUpgradeCheck = 0920;
				ORGANIZATIONNAME = Kidoz;
				TargetAttributes = {
					11030FC420318D7100035794 = {
						CreatedOnToolsVersion = 9.2;
						ProvisioningStyle = Automatic;
						SystemCapabilities = {
							com.apple.InAppPurchase = {
								enabled = 0;
							};
						};
					};
					119FB1212365F8FC005084B8 = {
						ProvisioningStyle = Automatic;
					};
					119FB1332365F944005084B8 = {
						ProvisioningStyle = Automatic;
					};
				};
			};
			buildConfigurationList = 11030FC020318D7100035794 /* Build configuration list for PBXProject "KidozSDKSampleApp" */;
			compatibilityVersion = "Xcode 8.0";
			developmentRegion = en;
			hasScannedForEncodings = 0;
			knownRegions = (
				en,
				Base,
			);
			mainGroup = 11030FBC20318D7100035794;
			productRefGroup = 11030FC620318D7100035794 /* Products */;
			projectDirPath = "";
			projectRoot = "";
			targets = (
				11030FC420318D7100035794 /* KidozSDKSampleApp */,
				119FB1212365F8FC005084B8 /* KidozSDKSampleApp yvr1 */,
				119FB1332365F944005084B8 /* KidozSDKSampleApp yvr2 */,
			);
		};
/* End PBXProject section */

/* Begin PBXResourcesBuildPhase section */
		11030FC320318D7100035794 /* Resources */ = {
			isa = PBXResourcesBuildPhase;
			buildActionMask = 2147483647;
			files = (
				110310192032DFA900035794 /* kidoz_left_side_logo_small.png in Resources */,
				11712A3020D8F8830020AA79 /* WarmTutorialExplainer.mp3 in Resources */,
				11030FD820318D7100035794 /* LaunchScreen.storyboard in Resources */,
				11030FD520318D7100035794 /* Assets.xcassets in Resources */,
				11030FD020318D7100035794 /* Main.storyboard in Resources */,
			);
			runOnlyForDeploymentPostprocessing = 0;
		};
		119FB1292365F8FC005084B8 /* Resources */ = {
			isa = PBXResourcesBuildPhase;
			buildActionMask = 2147483647;
			files = (
				119FB12A2365F8FC005084B8 /* kidoz_left_side_logo_small.png in Resources */,
				119FB12B2365F8FC005084B8 /* WarmTutorialExplainer.mp3 in Resources */,
				119FB12C2365F8FC005084B8 /* LaunchScreen.storyboard in Resources */,
				119FB12D2365F8FC005084B8 /* Assets.xcassets in Resources */,
				119FB12E2365F8FC005084B8 /* Main.storyboard in Resources */,
			);
			runOnlyForDeploymentPostprocessing = 0;
		};
		119FB13B2365F944005084B8 /* Resources */ = {
			isa = PBXResourcesBuildPhase;
			buildActionMask = 2147483647;
			files = (
				119FB13C2365F944005084B8 /* kidoz_left_side_logo_small.png in Resources */,
				119FB13D2365F944005084B8 /* WarmTutorialExplainer.mp3 in Resources */,
				119FB13E2365F944005084B8 /* LaunchScreen.storyboard in Resources */,
				119FB13F2365F944005084B8 /* Assets.xcassets in Resources */,
				119FB1402365F944005084B8 /* Main.storyboard in Resources */,
			);
			runOnlyForDeploymentPostprocessing = 0;
		};
/* End PBXResourcesBuildPhase section */

/* Begin PBXSourcesBuildPhase section */
		11030FC120318D7100035794 /* Sources */ = {
			isa = PBXSourcesBuildPhase;
			buildActionMask = 2147483647;
			files = (
				1167AD5320B2AA1B00E626E2 /* KidozSDKSampleApp.xcdatamodeld in Sources */,
				11030FCD20318D7100035794 /* ViewController.m in Sources */,
				11030FDB20318D7100035794 /* main.m in Sources */,
				11030FCA20318D7100035794 /* AppDelegate.m in Sources */,
			);
			runOnlyForDeploymentPostprocessing = 0;
		};
		119FB1222365F8FC005084B8 /* Sources */ = {
			isa = PBXSourcesBuildPhase;
			buildActionMask = 2147483647;
			files = (
				119FB1232365F8FC005084B8 /* KidozSDKSampleApp.xcdatamodeld in Sources */,
				119FB1242365F8FC005084B8 /* ViewController.m in Sources */,
				119FB1252365F8FC005084B8 /* main.m in Sources */,
				119FB1262365F8FC005084B8 /* AppDelegate.m in Sources */,
			);
			runOnlyForDeploymentPostprocessing = 0;
		};
		119FB1342365F944005084B8 /* Sources */ = {
			isa = PBXSourcesBuildPhase;
			buildActionMask = 2147483647;
			files = (
				119FB1352365F944005084B8 /* KidozSDKSampleApp.xcdatamodeld in Sources */,
				119FB1362365F944005084B8 /* ViewController.m in Sources */,
				119FB1372365F944005084B8 /* main.m in Sources */,
				119FB1382365F944005084B8 /* AppDelegate.m in Sources */,
			);
			runOnlyForDeploymentPostprocessing = 0;
		};
/* End PBXSourcesBuildPhase section */

/* Begin PBXVariantGroup section */
		11030FCE20318D7100035794 /* Main.storyboard */ = {
			isa = PBXVariantGroup;
			children = (
				11030FCF20318D7100035794 /* Base */,
			);
			name = Main.storyboard;
			sourceTree = "<group>";
		};
		11030FD620318D7100035794 /* LaunchScreen.storyboard */ = {
			isa = PBXVariantGroup;
			children = (
				11030FD720318D7100035794 /* Base */,
			);
			name = LaunchScreen.storyboard;
			sourceTree = "<group>";
		};
/* End PBXVariantGroup section */

/* Begin XCBuildConfiguration section */
		11030FF220318D7100035794 /* Debug */ = {
			isa = XCBuildConfiguration;
			buildSettings = {
				ALWAYS_SEARCH_USER_PATHS = NO;
				CLANG_ANALYZER_NONNULL = YES;
				CLANG_ANALYZER_NUMBER_OBJECT_CONVERSION = YES_AGGRESSIVE;
				CLANG_CXX_LANGUAGE_STANDARD = "gnu++14";
				CLANG_CXX_LIBRARY = "libc++";
				CLANG_ENABLE_MODULES = YES;
				CLANG_ENABLE_OBJC_ARC = YES;
				CLANG_WARN_BLOCK_CAPTURE_AUTORELEASING = YES;
				CLANG_WARN_BOOL_CONVERSION = YES;
				CLANG_WARN_COMMA = YES;
				CLANG_WARN_CONSTANT_CONVERSION = YES;
				CLANG_WARN_DIRECT_OBJC_ISA_USAGE = YES_ERROR;
				CLANG_WARN_DOCUMENTATION_COMMENTS = YES;
				CLANG_WARN_EMPTY_BODY = YES;
				CLANG_WARN_ENUM_CONVERSION = YES;
				CLANG_WARN_INFINITE_RECURSION = YES;
				CLANG_WARN_INT_CONVERSION = YES;
				CLANG_WARN_NON_LITERAL_NULL_CONVERSION = YES;
				CLANG_WARN_OBJC_LITERAL_CONVERSION = YES;
				CLANG_WARN_OBJC_ROOT_CLASS = YES_ERROR;
				CLANG_WARN_RANGE_LOOP_ANALYSIS = YES;
				CLANG_WARN_STRICT_PROTOTYPES = YES;
				CLANG_WARN_SUSPICIOUS_MOVE = YES;
				CLANG_WARN_UNGUARDED_AVAILABILITY = YES_AGGRESSIVE;
				CLANG_WARN_UNREACHABLE_CODE = YES;
				CLANG_WARN__DUPLICATE_METHOD_MATCH = YES;
				CODE_SIGN_IDENTITY = "iPhone Developer";
				COPY_PHASE_STRIP = NO;
				DEBUG_INFORMATION_FORMAT = dwarf;
				ENABLE_STRICT_OBJC_MSGSEND = YES;
				ENABLE_TESTABILITY = YES;
				GCC_C_LANGUAGE_STANDARD = gnu11;
				GCC_DYNAMIC_NO_PIC = NO;
				GCC_NO_COMMON_BLOCKS = YES;
				GCC_OPTIMIZATION_LEVEL = 0;
				GCC_PREPROCESSOR_DEFINITIONS = (
					"DEBUG=1",
					"$(inherited)",
				);
				GCC_WARN_64_TO_32_BIT_CONVERSION = YES;
				GCC_WARN_ABOUT_RETURN_TYPE = YES_ERROR;
				GCC_WARN_UNDECLARED_SELECTOR = YES;
				GCC_WARN_UNINITIALIZED_AUTOS = YES_AGGRESSIVE;
				GCC_WARN_UNUSED_FUNCTION = YES;
				GCC_WARN_UNUSED_VARIABLE = YES;
				IPHONEOS_DEPLOYMENT_TARGET = 10.2;
				MTL_ENABLE_DEBUG_INFO = YES;
				ONLY_ACTIVE_ARCH = YES;
				SDKROOT = iphoneos;
			};
			name = Debug;
		};
		11030FF320318D7100035794 /* Release */ = {
			isa = XCBuildConfiguration;
			buildSettings = {
				ALWAYS_SEARCH_USER_PATHS = NO;
				CLANG_ANALYZER_NONNULL = YES;
				CLANG_ANALYZER_NUMBER_OBJECT_CONVERSION = YES_AGGRESSIVE;
				CLANG_CXX_LANGUAGE_STANDARD = "gnu++14";
				CLANG_CXX_LIBRARY = "libc++";
				CLANG_ENABLE_MODULES = YES;
				CLANG_ENABLE_OBJC_ARC = YES;
				CLANG_WARN_BLOCK_CAPTURE_AUTORELEASING = YES;
				CLANG_WARN_BOOL_CONVERSION = YES;
				CLANG_WARN_COMMA = YES;
				CLANG_WARN_CONSTANT_CONVERSION = YES;
				CLANG_WARN_DIRECT_OBJC_ISA_USAGE = YES_ERROR;
				CLANG_WARN_DOCUMENTATION_COMMENTS = YES;
				CLANG_WARN_EMPTY_BODY = YES;
				CLANG_WARN_ENUM_CONVERSION = YES;
				CLANG_WARN_INFINITE_RECURSION = YES;
				CLANG_WARN_INT_CONVERSION = YES;
				CLANG_WARN_NON_LITERAL_NULL_CONVERSION = YES;
				CLANG_WARN_OBJC_LITERAL_CONVERSION = YES;
				CLANG_WARN_OBJC_ROOT_CLASS = YES_ERROR;
				CLANG_WARN_RANGE_LOOP_ANALYSIS = YES;
				CLANG_WARN_STRICT_PROTOTYPES = YES;
				CLANG_WARN_SUSPICIOUS_MOVE = YES;
				CLANG_WARN_UNGUARDED_AVAILABILITY = YES_AGGRESSIVE;
				CLANG_WARN_UNREACHABLE_CODE = YES;
				CLANG_WARN__DUPLICATE_METHOD_MATCH = YES;
				CODE_SIGN_IDENTITY = "iPhone Developer";
				COPY_PHASE_STRIP = NO;
				DEBUG_INFORMATION_FORMAT = "dwarf-with-dsym";
				ENABLE_NS_ASSERTIONS = NO;
				ENABLE_STRICT_OBJC_MSGSEND = YES;
				GCC_C_LANGUAGE_STANDARD = gnu11;
				GCC_NO_COMMON_BLOCKS = YES;
				GCC_WARN_64_TO_32_BIT_CONVERSION = YES;
				GCC_WARN_ABOUT_RETURN_TYPE = YES_ERROR;
				GCC_WARN_UNDECLARED_SELECTOR = YES;
				GCC_WARN_UNINITIALIZED_AUTOS = YES_AGGRESSIVE;
				GCC_WARN_UNUSED_FUNCTION = YES;
				GCC_WARN_UNUSED_VARIABLE = YES;
				IPHONEOS_DEPLOYMENT_TARGET = 10.2;
				MTL_ENABLE_DEBUG_INFO = NO;
				ONLY_ACTIVE_ARCH = NO;
				SDKROOT = iphoneos;
				VALIDATE_PRODUCT = YES;
			};
			name = Release;
		};
		11030FF520318D7100035794 /* Debug */ = {
			isa = XCBuildConfiguration;
			buildSettings = {
				ASSETCATALOG_COMPILER_APPICON_NAME = AppIcon;
				CODE_SIGN_IDENTITY = "iPhone Developer";
				"CODE_SIGN_IDENTITY[sdk=iphoneos*]" = "iPhone Developer";
				CODE_SIGN_STYLE = Automatic;
				CURRENT_PROJECT_VERSION = 14;
				DEVELOPMENT_TEAM = V79KVWWJ4G;
				"EXCLUDED_ARCHS[sdk=iphonesimulator*]" = arm64;
				FRAMEWORK_SEARCH_PATHS = (
					"$(inherited)",
					"$(PROJECT_DIR)",
				);
				INFOPLIST_FILE = KidozSDKSampleApp/Info.plist;
				IPHONEOS_DEPLOYMENT_TARGET = 10.0;
				LD_RUNPATH_SEARCH_PATHS = "$(inherited) @executable_path/Frameworks";
				LIBRARY_SEARCH_PATHS = (
					"$(inherited)",
					"$(PROJECT_DIR)/KidozSDKSampleApp/Kidoz",
					"$(PROJECT_DIR)/KidozSDKSampleApp/Kidoz/Release-iphonesimulator",
				);
				MARKETING_VERSION = 1.3.6;
				ONLY_ACTIVE_ARCH = YES;
				OTHER_LDFLAGS = "-ObjC";
				PRODUCT_BUNDLE_IDENTIFIER = "com.kidoz.SDK-Sample-App";
				PRODUCT_NAME = "$(TARGET_NAME)";
				PROVISIONING_PROFILE_SPECIFIER = "";
				TARGETED_DEVICE_FAMILY = "1,2";
			};
			name = Debug;
		};
		11030FF620318D7100035794 /* Release */ = {
			isa = XCBuildConfiguration;
			buildSettings = {
				ASSETCATALOG_COMPILER_APPICON_NAME = AppIcon;
				CODE_SIGN_IDENTITY = "iPhone Developer";
				"CODE_SIGN_IDENTITY[sdk=iphoneos*]" = "iPhone Developer";
				CODE_SIGN_STYLE = Automatic;
				CURRENT_PROJECT_VERSION = 14;
				DEVELOPMENT_TEAM = V79KVWWJ4G;
				"EXCLUDED_ARCHS[sdk=iphonesimulator*]" = arm64;
				FRAMEWORK_SEARCH_PATHS = (
					"$(inherited)",
					"$(PROJECT_DIR)",
				);
				INFOPLIST_FILE = KidozSDKSampleApp/Info.plist;
				IPHONEOS_DEPLOYMENT_TARGET = 10.0;
				LD_RUNPATH_SEARCH_PATHS = "$(inherited) @executable_path/Frameworks";
				LIBRARY_SEARCH_PATHS = (
					"$(inherited)",
					"$(PROJECT_DIR)/KidozSDKSampleApp/Kidoz",
					"$(PROJECT_DIR)/KidozSDKSampleApp/Kidoz/Release-iphonesimulator",
				);
				MARKETING_VERSION = 1.3.6;
				ONLY_ACTIVE_ARCH = NO;
				OTHER_LDFLAGS = "-ObjC";
				PRODUCT_BUNDLE_IDENTIFIER = "com.kidoz.SDK-Sample-App";
				PRODUCT_NAME = "$(TARGET_NAME)";
				PROVISIONING_PROFILE_SPECIFIER = "";
				TARGETED_DEVICE_FAMILY = "1,2";
			};
			name = Release;
		};
		119FB1302365F8FC005084B8 /* Debug */ = {
			isa = XCBuildConfiguration;
			buildSettings = {
				ASSETCATALOG_COMPILER_APPICON_NAME = AppIcon;
				CODE_SIGN_IDENTITY = "iPhone Distribution";
				"CODE_SIGN_IDENTITY[sdk=iphoneos*]" = "iPhone Developer";
				CODE_SIGN_STYLE = Automatic;
				CURRENT_PROJECT_VERSION = 14;
				DEVELOPMENT_TEAM = V79KVWWJ4G;
				INFOPLIST_FILE = "$(SRCROOT)/KidozSDKSampleApp/Info.plist";
				IPHONEOS_DEPLOYMENT_TARGET = 10.0;
				LD_RUNPATH_SEARCH_PATHS = "$(inherited) @executable_path/Frameworks";
				LIBRARY_SEARCH_PATHS = (
					"$(inherited)",
					"$(PROJECT_DIR)/KidozSDKSampleApp/Kidoz",
				);
				MARKETING_VERSION = 1.3.6;
				OTHER_LDFLAGS = "-ObjC";
				PRODUCT_BUNDLE_IDENTIFIER = "com.kidoz.SDK-Sample-App-yvr1";
				PRODUCT_NAME = "$(TARGET_NAME)";
				PROVISIONING_PROFILE_SPECIFIER = "";
				TARGETED_DEVICE_FAMILY = "1,2";
			};
			name = Debug;
		};
		119FB1312365F8FC005084B8 /* Release */ = {
			isa = XCBuildConfiguration;
			buildSettings = {
				ASSETCATALOG_COMPILER_APPICON_NAME = AppIcon;
				CODE_SIGN_IDENTITY = "iPhone Distribution";
				"CODE_SIGN_IDENTITY[sdk=iphoneos*]" = "iPhone Developer";
				CODE_SIGN_STYLE = Automatic;
				CURRENT_PROJECT_VERSION = 14;
				DEVELOPMENT_TEAM = V79KVWWJ4G;
				INFOPLIST_FILE = "$(SRCROOT)/KidozSDKSampleApp/Info.plist";
				IPHONEOS_DEPLOYMENT_TARGET = 10.0;
				LD_RUNPATH_SEARCH_PATHS = "$(inherited) @executable_path/Frameworks";
				LIBRARY_SEARCH_PATHS = (
					"$(inherited)",
					"$(PROJECT_DIR)/KidozSDKSampleApp/Kidoz",
				);
				MARKETING_VERSION = 1.3.6;
				OTHER_LDFLAGS = "-ObjC";
				PRODUCT_BUNDLE_IDENTIFIER = "com.kidoz.SDK-Sample-App-yvr1";
				PRODUCT_NAME = "$(TARGET_NAME)";
				PROVISIONING_PROFILE_SPECIFIER = "";
				TARGETED_DEVICE_FAMILY = "1,2";
			};
			name = Release;
		};
		119FB1422365F944005084B8 /* Debug */ = {
			isa = XCBuildConfiguration;
			buildSettings = {
				ASSETCATALOG_COMPILER_APPICON_NAME = AppIcon;
				CODE_SIGN_IDENTITY = "iPhone Distribution";
				"CODE_SIGN_IDENTITY[sdk=iphoneos*]" = "iPhone Developer";
				CODE_SIGN_STYLE = Automatic;
				DEVELOPMENT_TEAM = V79KVWWJ4G;
				INFOPLIST_FILE = "$(SRCROOT)/KidozSDKSampleApp/Info.plist";
				IPHONEOS_DEPLOYMENT_TARGET = 10.0;
				LD_RUNPATH_SEARCH_PATHS = "$(inherited) @executable_path/Frameworks";
				LIBRARY_SEARCH_PATHS = (
					"$(inherited)",
					"$(PROJECT_DIR)/KidozSDKSampleApp/Kidoz",
				);
				OTHER_LDFLAGS = "-ObjC";
				PRODUCT_BUNDLE_IDENTIFIER = "com.kidoz.SDK-Sample-App-yvr2";
				PRODUCT_NAME = "$(TARGET_NAME)";
				PROVISIONING_PROFILE_SPECIFIER = "";
				TARGETED_DEVICE_FAMILY = "1,2";
			};
			name = Debug;
		};
		119FB1432365F944005084B8 /* Release */ = {
			isa = XCBuildConfiguration;
			buildSettings = {
				ASSETCATALOG_COMPILER_APPICON_NAME = AppIcon;
				CODE_SIGN_IDENTITY = "iPhone Distribution";
				"CODE_SIGN_IDENTITY[sdk=iphoneos*]" = "iPhone Developer";
				CODE_SIGN_STYLE = Automatic;
				DEVELOPMENT_TEAM = V79KVWWJ4G;
				INFOPLIST_FILE = "$(SRCROOT)/KidozSDKSampleApp/Info.plist";
				IPHONEOS_DEPLOYMENT_TARGET = 10.0;
				LD_RUNPATH_SEARCH_PATHS = "$(inherited) @executable_path/Frameworks";
				LIBRARY_SEARCH_PATHS = (
					"$(inherited)",
					"$(PROJECT_DIR)/KidozSDKSampleApp/Kidoz",
				);
				OTHER_LDFLAGS = "-ObjC";
				PRODUCT_BUNDLE_IDENTIFIER = "com.kidoz.SDK-Sample-App-yvr2";
				PRODUCT_NAME = "$(TARGET_NAME)";
				PROVISIONING_PROFILE_SPECIFIER = "";
				TARGETED_DEVICE_FAMILY = "1,2";
			};
			name = Release;
		};
/* End XCBuildConfiguration section */

/* Begin XCConfigurationList section */
		11030FC020318D7100035794 /* Build configuration list for PBXProject "KidozSDKSampleApp" */ = {
			isa = XCConfigurationList;
			buildConfigurations = (
				11030FF220318D7100035794 /* Debug */,
				11030FF320318D7100035794 /* Release */,
			);
			defaultConfigurationIsVisible = 0;
			defaultConfigurationName = Release;
		};
		11030FF420318D7100035794 /* Build configuration list for PBXNativeTarget "KidozSDKSampleApp" */ = {
			isa = XCConfigurationList;
			buildConfigurations = (
				11030FF520318D7100035794 /* Debug */,
				11030FF620318D7100035794 /* Release */,
			);
			defaultConfigurationIsVisible = 0;
			defaultConfigurationName = Release;
		};
		119FB12F2365F8FC005084B8 /* Build configuration list for PBXNativeTarget "KidozSDKSampleApp yvr1" */ = {
			isa = XCConfigurationList;
			buildConfigurations = (
				119FB1302365F8FC005084B8 /* Debug */,
				119FB1312365F8FC005084B8 /* Release */,
			);
			defaultConfigurationIsVisible = 0;
			defaultConfigurationName = Release;
		};
		119FB1412365F944005084B8 /* Build configuration list for PBXNativeTarget "KidozSDKSampleApp yvr2" */ = {
			isa = XCConfigurationList;
			buildConfigurations = (
				119FB1422365F944005084B8 /* Debug */,
				119FB1432365F944005084B8 /* Release */,
			);
			defaultConfigurationIsVisible = 0;
			defaultConfigurationName = Release;
		};
/* End XCConfigurationList section */

/* Begin XCVersionGroup section */
		11030FD120318D7100035794 /* KidozSDKSampleApp.xcdatamodeld */ = {
			isa = XCVersionGroup;
			children = (
				11030FD220318D7100035794 /* Kidoz_iOS_SDK_Sample_App.xcdatamodel */,
			);
			currentVersion = 11030FD220318D7100035794 /* Kidoz_iOS_SDK_Sample_App.xcdatamodel */;
			path = KidozSDKSampleApp.xcdatamodeld;
			sourceTree = "<group>";
			versionGroupType = wrapper.xcdatamodel;
		};
/* End XCVersionGroup section */
	};
	rootObject = 11030FBD20318D7100035794 /* Project object */;
}
